
Microsoft Visual Studio Solution File, Format Version 12.00
# Visual Studio Version 17
VisualStudioVersion = 17.0.31903.59
MinimumVisualStudioVersion = 10.0.40219.1
Project("{FAE04EC0-301F-11D3-BF4B-00C04F79EFBC}") = "ExampleProject", "ExampleProject\ExampleProject.csproj", "{45098B38-8634-45F7-BE70-08A62F1F0A52}"
EndProject
Project("{FAE04EC0-301F-11D3-BF4B-00C04F79EFBC}") = "ExampleProject.Tests", "ExampleProject.Tests\ExampleProject.Tests.csproj", "{66A8110B-C99B-4A4D-AFF0-10A597ACBC74}"
EndProject
Global
	GlobalSection(SolutionConfigurationPlatforms) = preSolution
		Debug|Any CPU = Debug|Any CPU
		Release|Any CPU = Release|Any CPU
	EndGlobalSection
	GlobalSection(SolutionProperties) = preSolution
		HideSolutionNode = FALSE
	EndGlobalSection
	GlobalSection(ProjectConfigurationPlatforms) = postSolution
		{45098B38-8634-45F7-BE70-08A62F1F0A52}.Debug|Any CPU.ActiveCfg = Debug|Any CPU
		{45098B38-8634-45F7-BE70-08A62F1F0A52}.Debug|Any CPU.Build.0 = Debug|Any CPU
		{45098B38-8634-45F7-BE70-08A62F1F0A52}.Release|Any CPU.ActiveCfg = Release|Any CPU
		{45098B38-8634-45F7-BE70-08A62F1F0A52}.Release|Any CPU.Build.0 = Release|Any CPU
		{66A8110B-C99B-4A4D-AFF0-10A597ACBC74}.Debug|Any CPU.ActiveCfg = Debug|Any CPU
		{66A8110B-C99B-4A4D-AFF0-10A597ACBC74}.Debug|Any CPU.Build.0 = Debug|Any CPU
		{66A8110B-C99B-4A4D-AFF0-10A597ACBC74}.Release|Any CPU.ActiveCfg = Release|Any CPU
		{66A8110B-C99B-4A4D-AFF0-10A597ACBC74}.Release|Any CPU.Build.0 = Release|Any CPU
	EndGlobalSection
EndGlobal
